{
  "version": 4,
  "terraform_version": "1.1.9",
  "serial": 1,
  "lineage": "82e304e1-2274-9fe7-6d56-890859665409",
  "outputs": {},
  "resources": [
    {
      "mode": "managed",
      "type": "aws_vpc",
      "name": "imp",
      "provider": "provider[\"registry.terraform.io/hashicorp/aws\"]",
      "instances": [
        {
          "schema_version": 1,
          "attributes": {
            "arn": "arn:aws:ec2:us-east-1:508541141165:vpc/vpc-02310358d9d719470",
            "assign_generated_ipv6_cidr_block": false,
            "cidr_block": "172.16.0.0/16",
            "default_network_acl_id": "acl-06a0e793a853ddc5f",
            "default_route_table_id": "rtb-0397e570b47da38ec",
            "default_security_group_id": "sg-075bf22ca320618bf",
            "dhcp_options_id": "dopt-0d2d37c7d6fd1c1c5",
            "enable_classiclink": false,
            "enable_classiclink_dns_support": false,
            "enable_dns_hostnames": false,
            "enable_dns_support": true,
            "enable_network_address_usage_metrics": false,
            "id": "vpc-02310358d9d719470",
            "instance_tenancy": "default",
            "ipv4_ipam_pool_id": null,
            "ipv4_netmask_length": null,
            "ipv6_association_id": "",
            "ipv6_cidr_block": "",
            "ipv6_cidr_block_network_border_group": "",
            "ipv6_ipam_pool_id": "",
            "ipv6_netmask_length": 0,
            "main_route_table_id": "rtb-0397e570b47da38ec",
            "owner_id": "508541141165",
            "tags": {
              "Name": "vpc-console"
            },
            "tags_all": {
              "Name": "vpc-console"
            }
          },
          "sensitive_attributes": [],
          "private": "eyJzY2hlbWFfdmVyc2lvbiI6IjEifQ=="
        }
      ]
    }
  ]
}
